
Microsoft Visual Studio Solution File, Format Version 12.00
# Visual Studio Version 16
VisualStudioVersion = 16.0.30225.117
MinimumVisualStudioVersion = 10.0.40219.1
Project("{9A19103F-16F7-4668-BE54-9A1E7A4F7556}") = "ScooterRental", "ScooterRental\ScooterRental.csproj", "{824C9529-C014-4247-A7CE-BBAC7BDE9D54}"
EndProject
Project("{FAE04EC0-301F-11D3-BF4B-00C04F79EFBC}") = "ScooterRental.tests", "ScooterRental.tests\ScooterRental.tests.csproj", "{ECA57E1A-7B30-4884-A5A0-6C7371808F57}"
EndProject
Global
	GlobalSection(SolutionConfigurationPlatforms) = preSolution
		Debug|Any CPU = Debug|Any CPU
		Release|Any CPU = Release|Any CPU
	EndGlobalSection
	GlobalSection(ProjectConfigurationPlatforms) = postSolution
		{824C9529-C014-4247-A7CE-BBAC7BDE9D54}.Debug|Any CPU.ActiveCfg = Debug|Any CPU
		{824C9529-C014-4247-A7CE-BBAC7BDE9D54}.Debug|Any CPU.Build.0 = Debug|Any CPU
		{824C9529-C014-4247-A7CE-BBAC7BDE9D54}.Release|Any CPU.ActiveCfg = Release|Any CPU
		{824C9529-C014-4247-A7CE-BBAC7BDE9D54}.Release|Any CPU.Build.0 = Release|Any CPU
		{ECA57E1A-7B30-4884-A5A0-6C7371808F57}.Debug|Any CPU.ActiveCfg = Debug|Any CPU
		{ECA57E1A-7B30-4884-A5A0-6C7371808F57}.Debug|Any CPU.Build.0 = Debug|Any CPU
		{ECA57E1A-7B30-4884-A5A0-6C7371808F57}.Release|Any CPU.ActiveCfg = Release|Any CPU
		{ECA57E1A-7B30-4884-A5A0-6C7371808F57}.Release|Any CPU.Build.0 = Release|Any CPU
	EndGlobalSection
	GlobalSection(SolutionProperties) = preSolution
		HideSolutionNode = FALSE
	EndGlobalSection
	GlobalSection(ExtensibilityGlobals) = postSolution
		SolutionGuid = {A0AA63CD-2FCB-4391-8DE4-A98A33EEC2FF}
	EndGlobalSection
EndGlobal
